
Microsoft Visual Studio Solution File, Format Version 12.00
# Visual Studio 15
VisualStudioVersion = 15.0.28010.2036
MinimumVisualStudioVersion = 10.0.40219.1
Project("{FAE04EC0-301F-11D3-BF4B-00C04F79EFBC}") = "JumpAndRun", "JumpAndRun\JumpAndRun.csproj", "{0F8F5092-5FFB-4043-A3E0-3AA233FC3153}"
EndProject
Global
	GlobalSection(SolutionConfigurationPlatforms) = preSolution
		Debug|Any CPU = Debug|Any CPU
		Release|Any CPU = Release|Any CPU
	EndGlobalSection
	GlobalSection(ProjectConfigurationPlatforms) = postSolution
		{0F8F5092-5FFB-4043-A3E0-3AA233FC3153}.Debug|Any CPU.ActiveCfg = Debug|Any CPU
		{0F8F5092-5FFB-4043-A3E0-3AA233FC3153}.Debug|Any CPU.Build.0 = Debug|Any CPU
		{0F8F5092-5FFB-4043-A3E0-3AA233FC3153}.Release|Any CPU.ActiveCfg = Release|Any CPU
		{0F8F5092-5FFB-4043-A3E0-3AA233FC3153}.Release|Any CPU.Build.0 = Release|Any CPU
	EndGlobalSection
	GlobalSection(SolutionProperties) = preSolution
		HideSolutionNode = FALSE
	EndGlobalSection
	GlobalSection(ExtensibilityGlobals) = postSolution
		SolutionGuid = {D386BCC4-E810-4F72-A3BE-2BC236B1AB91}
	EndGlobalSection
EndGlobal
